github.com/5aradise/jsondb v1.5.0 h1:oLu9YxIMxyfgdEohw4KhtT44AmfSoefuWWRw+vCISy0=
github.com/5aradise/jsondb v1.5.0/go.mod h1:8fsbILeIH1b6R0Dsq5JznhyZsw9d6pBaE2pBtcDinw0=
golang.org/x/crypto v0.22.0 h1:g1v0xeRhjcugydODzvb3mEM9SQ0HGp9s/nh3COQ/C30=
golang.org/x/crypto v0.22.0/go.mod h1:vr6Su+7cTlO45qkww3VDJlzDn0ctJvRgYbC2NvXHt+M=
